
Microsoft Visual Studio Solution File, Format Version 12.00
# Visual Studio Version 18
VisualStudioVersion = 18.7.11925.98
MinimumVisualStudioVersion = 10.0.40219.1
Project("{FAE04EC0-301F-11D3-BF4B-00C04F79EFBC}") = "SyndicApplication", "Syndic\SyndicApplication.csproj", "{D8B32ACF-AF80-4EE0-AC27-916CCCEF8824}"
	ProjectSection(ProjectDependencies) = postProject
		{F285DC7D-08E4-4D62-97D9-7053F67CD031} = {F285DC7D-08E4-4D62-97D9-7053F67CD031}
	EndProjectSection
EndProject
Project("{FAE04EC0-301F-11D3-BF4B-00C04F79EFBC}") = "SyndicData", "SyndicData\SyndicData.csproj", "{90437AAB-C250-472D-AB72-00996B0835AE}"
EndProject
Project("{FAE04EC0-301F-11D3-BF4B-00C04F79EFBC}") = "CommonProjectsPartners", "CommonProjectsPartners\CommonProjectsPartners.csproj", "{6736E0FB-3A8E-4B70-8937-BD676F22A007}"
EndProject
Project("{FAE04EC0-301F-11D3-BF4B-00C04F79EFBC}") = "ServiceDocuments", "ServiceDocuments\ServiceDocuments.csproj", "{F285DC7D-08E4-4D62-97D9-7053F67CD031}"
EndProject
Project("{FAE04EC0-301F-11D3-BF4B-00C04F79EFBC}") = "SyndicDocumentsData", "SyndicDocumentsData\SyndicDocumentsData.csproj", "{E69E04E0-5727-48BB-8454-C45CDEA8C8B5}"
EndProject
Project("{54435603-DBB4-11D2-8724-00A0C9A8B90C}") = "Syndic.Setup", "Syndic.Setup\Syndic.Setup.vdproj", "{19FF055E-2378-8BFA-7402-0CA4447E2337}"
EndProject
Global
	GlobalSection(SolutionConfigurationPlatforms) = preSolution
		Debug|Any CPU = Debug|Any CPU
		Debug|Mixed Platforms = Debug|Mixed Platforms
		Debug|x86 = Debug|x86
		Release|Any CPU = Release|Any CPU
		Release|Mixed Platforms = Release|Mixed Platforms
		Release|x86 = Release|x86
	EndGlobalSection
	GlobalSection(ProjectConfigurationPlatforms) = postSolution
		{D8B32ACF-AF80-4EE0-AC27-916CCCEF8824}.Debug|Any CPU.ActiveCfg = Debug|Any CPU
		{D8B32ACF-AF80-4EE0-AC27-916CCCEF8824}.Debug|Any CPU.Build.0 = Debug|Any CPU
		{D8B32ACF-AF80-4EE0-AC27-916CCCEF8824}.Debug|Mixed Platforms.ActiveCfg = Debug|Any CPU
		{D8B32ACF-AF80-4EE0-AC27-916CCCEF8824}.Debug|Mixed Platforms.Build.0 = Debug|Any CPU
		{D8B32ACF-AF80-4EE0-AC27-916CCCEF8824}.Debug|x86.ActiveCfg = Debug|Any CPU
		{D8B32ACF-AF80-4EE0-AC27-916CCCEF8824}.Release|Any CPU.ActiveCfg = Release|Any CPU
		{D8B32ACF-AF80-4EE0-AC27-916CCCEF8824}.Release|Any CPU.Build.0 = Release|Any CPU
		{D8B32ACF-AF80-4EE0-AC27-916CCCEF8824}.Release|Mixed Platforms.ActiveCfg = Release|Any CPU
		{D8B32ACF-AF80-4EE0-AC27-916CCCEF8824}.Release|Mixed Platforms.Build.0 = Release|Any CPU
		{D8B32ACF-AF80-4EE0-AC27-916CCCEF8824}.Release|x86.ActiveCfg = Release|Any CPU
		{90437AAB-C250-472D-AB72-00996B0835AE}.Debug|Any CPU.ActiveCfg = Debug|Any CPU
		{90437AAB-C250-472D-AB72-00996B0835AE}.Debug|Any CPU.Build.0 = Debug|Any CPU
		{90437AAB-C250-472D-AB72-00996B0835AE}.Debug|Mixed Platforms.ActiveCfg = Debug|Any CPU
		{90437AAB-C250-472D-AB72-00996B0835AE}.Debug|Mixed Platforms.Build.0 = Debug|Any CPU
		{90437AAB-C250-472D-AB72-00996B0835AE}.Debug|x86.ActiveCfg = Debug|Any CPU
		{90437AAB-C250-472D-AB72-00996B0835AE}.Release|Any CPU.ActiveCfg = Release|Any CPU
		{90437AAB-C250-472D-AB72-00996B0835AE}.Release|Any CPU.Build.0 = Release|Any CPU
		{90437AAB-C250-472D-AB72-00996B0835AE}.Release|Mixed Platforms.ActiveCfg = Release|Any CPU
		{90437AAB-C250-472D-AB72-00996B0835AE}.Release|Mixed Platforms.Build.0 = Release|Any CPU
		{90437AAB-C250-472D-AB72-00996B0835AE}.Release|x86.ActiveCfg = Release|Any CPU
		{6736E0FB-3A8E-4B70-8937-BD676F22A007}.Debug|Any CPU.ActiveCfg = Debug|Any CPU
		{6736E0FB-3A8E-4B70-8937-BD676F22A007}.Debug|Any CPU.Build.0 = Debug|Any CPU
		{6736E0FB-3A8E-4B70-8937-BD676F22A007}.Debug|Mixed Platforms.ActiveCfg = Debug|Any CPU
		{6736E0FB-3A8E-4B70-8937-BD676F22A007}.Debug|Mixed Platforms.Build.0 = Debug|Any CPU
		{6736E0FB-3A8E-4B70-8937-BD676F22A007}.Debug|x86.ActiveCfg = Debug|Any CPU
		{6736E0FB-3A8E-4B70-8937-BD676F22A007}.Release|Any CPU.ActiveCfg = Release|Any CPU
		{6736E0FB-3A8E-4B70-8937-BD676F22A007}.Release|Any CPU.Build.0 = Release|Any CPU
		{6736E0FB-3A8E-4B70-8937-BD676F22A007}.Release|Mixed Platforms.ActiveCfg = Release|Any CPU
		{6736E0FB-3A8E-4B70-8937-BD676F22A007}.Release|Mixed Platforms.Build.0 = Release|Any CPU
		{6736E0FB-3A8E-4B70-8937-BD676F22A007}.Release|x86.ActiveCfg = Release|Any CPU
		{F285DC7D-08E4-4D62-97D9-7053F67CD031}.Debug|Any CPU.ActiveCfg = Debug|Any CPU
		{F285DC7D-08E4-4D62-97D9-7053F67CD031}.Debug|Any CPU.Build.0 = Debug|Any CPU
		{F285DC7D-08E4-4D62-97D9-7053F67CD031}.Debug|Mixed Platforms.ActiveCfg = Debug|Any CPU
		{F285DC7D-08E4-4D62-97D9-7053F67CD031}.Debug|Mixed Platforms.Build.0 = Debug|Any CPU
		{F285DC7D-08E4-4D62-97D9-7053F67CD031}.Debug|x86.ActiveCfg = Debug|Any CPU
		{F285DC7D-08E4-4D62-97D9-7053F67CD031}.Debug|x86.Build.0 = Debug|Any CPU
		{F285DC7D-08E4-4D62-97D9-7053F67CD031}.Release|Any CPU.ActiveCfg = Release|Any CPU
		{F285DC7D-08E4-4D62-97D9-7053F67CD031}.Release|Any CPU.Build.0 = Release|Any CPU
		{F285DC7D-08E4-4D62-97D9-7053F67CD031}.Release|Mixed Platforms.ActiveCfg = Release|Any CPU
		{F285DC7D-08E4-4D62-97D9-7053F67CD031}.Release|Mixed Platforms.Build.0 = Release|Any CPU
		{F285DC7D-08E4-4D62-97D9-7053F67CD031}.Release|x86.ActiveCfg = Release|Any CPU
		{F285DC7D-08E4-4D62-97D9-7053F67CD031}.Release|x86.Build.0 = Release|Any CPU
		{E69E04E0-5727-48BB-8454-C45CDEA8C8B5}.Debug|Any CPU.ActiveCfg = Debug|Any CPU
		{E69E04E0-5727-48BB-8454-C45CDEA8C8B5}.Debug|Any CPU.Build.0 = Debug|Any CPU
		{E69E04E0-5727-48BB-8454-C45CDEA8C8B5}.Debug|Mixed Platforms.ActiveCfg = Debug|Any CPU
		{E69E04E0-5727-48BB-8454-C45CDEA8C8B5}.Debug|Mixed Platforms.Build.0 = Debug|Any CPU
		{E69E04E0-5727-48BB-8454-C45CDEA8C8B5}.Debug|x86.ActiveCfg = Debug|Any CPU
		{E69E04E0-5727-48BB-8454-C45CDEA8C8B5}.Debug|x86.Build.0 = Debug|Any CPU
		{E69E04E0-5727-48BB-8454-C45CDEA8C8B5}.Release|Any CPU.ActiveCfg = Release|Any CPU
		{E69E04E0-5727-48BB-8454-C45CDEA8C8B5}.Release|Any CPU.Build.0 = Release|Any CPU
		{E69E04E0-5727-48BB-8454-C45CDEA8C8B5}.Release|Mixed Platforms.ActiveCfg = Release|Any CPU
		{E69E04E0-5727-48BB-8454-C45CDEA8C8B5}.Release|Mixed Platforms.Build.0 = Release|Any CPU
		{E69E04E0-5727-48BB-8454-C45CDEA8C8B5}.Release|x86.ActiveCfg = Release|Any CPU
		{E69E04E0-5727-48BB-8454-C45CDEA8C8B5}.Release|x86.Build.0 = Release|Any CPU
		{19FF055E-2378-8BFA-7402-0CA4447E2337}.Debug|Any CPU.ActiveCfg = Debug
		{19FF055E-2378-8BFA-7402-0CA4447E2337}.Debug|Mixed Platforms.ActiveCfg = Debug
		{19FF055E-2378-8BFA-7402-0CA4447E2337}.Debug|x86.ActiveCfg = Debug
		{19FF055E-2378-8BFA-7402-0CA4447E2337}.Release|Any CPU.ActiveCfg = Release
		{19FF055E-2378-8BFA-7402-0CA4447E2337}.Release|Mixed Platforms.ActiveCfg = Release
		{19FF055E-2378-8BFA-7402-0CA4447E2337}.Release|x86.ActiveCfg = Release
	EndGlobalSection
	GlobalSection(SolutionProperties) = preSolution
		HideSolutionNode = FALSE
	EndGlobalSection
	GlobalSection(ExtensibilityGlobals) = postSolution
		SolutionGuid = {F417BA55-1661-4332-AC7D-0F6498AF35E5}
	EndGlobalSection
EndGlobal
